
Microsoft Visual Studio Solution File, Format Version 12.00
# Visual Studio Version 16
VisualStudioVersion = 16.0.35130.168
MinimumVisualStudioVersion = 10.0.40219.1
Project("{FAE04EC0-301F-11D3-BF4B-00C04F79EFBC}") = "rental_mobiV2", "rental_mobiV2.csproj", "{64C82C02-3FA4-4A30-B228-3757A16CEED4}"
EndProject
Global
	GlobalSection(SolutionConfigurationPlatforms) = preSolution
		Debug|Any CPU = Debug|Any CPU
		Release|Any CPU = Release|Any CPU
	EndGlobalSection
	GlobalSection(ProjectConfigurationPlatforms) = postSolution
		{64C82C02-3FA4-4A30-B228-3757A16CEED4}.Debug|Any CPU.ActiveCfg = Debug|Any CPU
		{64C82C02-3FA4-4A30-B228-3757A16CEED4}.Debug|Any CPU.Build.0 = Debug|Any CPU
		{64C82C02-3FA4-4A30-B228-3757A16CEED4}.Release|Any CPU.ActiveCfg = Release|Any CPU
		{64C82C02-3FA4-4A30-B228-3757A16CEED4}.Release|Any CPU.Build.0 = Release|Any CPU
	EndGlobalSection
	GlobalSection(SolutionProperties) = preSolution
		HideSolutionNode = FALSE
	EndGlobalSection
	GlobalSection(ExtensibilityGlobals) = postSolution
		SolutionGuid = {C90892F7-5642-42E1-9AC7-9FA6279B891D}
	EndGlobalSection
EndGlobal
